PODS:
  - BiometryAuthUI (0.0.3)

DEPENDENCIES:
  - BiometryAuthUI (from `https://github.com/AntonBelousov/BiometryAuthUI.git`)

EXTERNAL SOURCES:
  BiometryAuthUI:
    :git: https://github.com/AntonBelousov/BiometryAuthUI.git

CHECKOUT OPTIONS:
  BiometryAuthUI:
    :commit: 8a8be8b292d6d8173335f7aba3979d60e12f391c
    :git: https://github.com/AntonBelousov/BiometryAuthUI.git

SPEC CHECKSUMS:
  BiometryAuthUI: c8befb92dd8873fbbccf907481678b248d51fc90

PODFILE CHECKSUM: 09e1d9106fa6995b75e90c721c49d93d110c426b

COCOAPODS: 1.10.0
